
Microsoft Visual Studio Solution File, Format Version 12.00
# Visual Studio Version 17
VisualStudioVersion = 17.0.32014.148
MinimumVisualStudioVersion = 10.0.40219.1
Project("{9A19103F-16F7-4668-BE54-9A1E7A4F7556}") = "frc8723", "frc8723\frc8723.csproj", "{B72800AA-69F5-4B3E-9E60-BE9286C80505}"
EndProject
Project("{9A19103F-16F7-4668-BE54-9A1E7A4F7556}") = "ShareClassLibrary", "ShareClassLibrary\ShareClassLibrary.csproj", "{86F27C30-18B1-4821-959F-F35670770FE3}"
EndProject
Global
	GlobalSection(SolutionConfigurationPlatforms) = preSolution
		Debug|Any CPU = Debug|Any CPU
		Release|Any CPU = Release|Any CPU
	EndGlobalSection
	GlobalSection(ProjectConfigurationPlatforms) = postSolution
		{B72800AA-69F5-4B3E-9E60-BE9286C80505}.Debug|Any CPU.ActiveCfg = Debug|Any CPU
		{B72800AA-69F5-4B3E-9E60-BE9286C80505}.Debug|Any CPU.Build.0 = Debug|Any CPU
		{B72800AA-69F5-4B3E-9E60-BE9286C80505}.Release|Any CPU.ActiveCfg = Release|Any CPU
		{B72800AA-69F5-4B3E-9E60-BE9286C80505}.Release|Any CPU.Build.0 = Release|Any CPU
		{86F27C30-18B1-4821-959F-F35670770FE3}.Debug|Any CPU.ActiveCfg = Debug|Any CPU
		{86F27C30-18B1-4821-959F-F35670770FE3}.Debug|Any CPU.Build.0 = Debug|Any CPU
		{86F27C30-18B1-4821-959F-F35670770FE3}.Release|Any CPU.ActiveCfg = Release|Any CPU
		{86F27C30-18B1-4821-959F-F35670770FE3}.Release|Any CPU.Build.0 = Release|Any CPU
	EndGlobalSection
	GlobalSection(SolutionProperties) = preSolution
		HideSolutionNode = FALSE
	EndGlobalSection
	GlobalSection(ExtensibilityGlobals) = postSolution
		SolutionGuid = {761C8B2A-5533-4DE1-BF5A-E280DF563976}
	EndGlobalSection
EndGlobal
